
Microsoft Visual Studio Solution File, Format Version 12.00
# Visual Studio Version 17
VisualStudioVersion = 17.10.35013.160
MinimumVisualStudioVersion = 10.0.40219.1
Project("{FAE04EC0-301F-11D3-BF4B-00C04F79EFBC}") = "WebScrapingAPItest1", "WebScrapingAPItest1\WebScrapingAPItest1.csproj", "{844ED903-958B-4FE5-BE76-FFA22D27F250}"
EndProject
Global
	GlobalSection(SolutionConfigurationPlatforms) = preSolution
		Debug|Any CPU = Debug|Any CPU
		Release|Any CPU = Release|Any CPU
	EndGlobalSection
	GlobalSection(ProjectConfigurationPlatforms) = postSolution
		{844ED903-958B-4FE5-BE76-FFA22D27F250}.Debug|Any CPU.ActiveCfg = Debug|Any CPU
		{844ED903-958B-4FE5-BE76-FFA22D27F250}.Debug|Any CPU.Build.0 = Debug|Any CPU
		{844ED903-958B-4FE5-BE76-FFA22D27F250}.Release|Any CPU.ActiveCfg = Release|Any CPU
		{844ED903-958B-4FE5-BE76-FFA22D27F250}.Release|Any CPU.Build.0 = Release|Any CPU
	EndGlobalSection
	GlobalSection(SolutionProperties) = preSolution
		HideSolutionNode = FALSE
	EndGlobalSection
	GlobalSection(ExtensibilityGlobals) = postSolution
		SolutionGuid = {13290F9E-CE83-4C3B-B372-952D460F284D}
	EndGlobalSection
EndGlobal
