
Microsoft Visual Studio Solution File, Format Version 12.00
# Visual Studio Version 17
VisualStudioVersion = 17.10.35013.160
MinimumVisualStudioVersion = 10.0.40219.1
Project("{FAE04EC0-301F-11D3-BF4B-00C04F79EFBC}") = "ShadowByte_v1", "ShadowByte_v1.csproj", "{76551BD7-9993-4304-ADAE-1B954853E8BE}"
EndProject
Global
	GlobalSection(SolutionConfigurationPlatforms) = preSolution
		Debug|Any CPU = Debug|Any CPU
		Release|Any CPU = Release|Any CPU
	EndGlobalSection
	GlobalSection(ProjectConfigurationPlatforms) = postSolution
		{76551BD7-9993-4304-ADAE-1B954853E8BE}.Debug|Any CPU.ActiveCfg = Debug|Any CPU
		{76551BD7-9993-4304-ADAE-1B954853E8BE}.Debug|Any CPU.Build.0 = Debug|Any CPU
		{76551BD7-9993-4304-ADAE-1B954853E8BE}.Release|Any CPU.ActiveCfg = Release|Any CPU
		{76551BD7-9993-4304-ADAE-1B954853E8BE}.Release|Any CPU.Build.0 = Release|Any CPU
	EndGlobalSection
	GlobalSection(SolutionProperties) = preSolution
		HideSolutionNode = FALSE
	EndGlobalSection
	GlobalSection(ExtensibilityGlobals) = postSolution
		SolutionGuid = {517824B2-E07F-4FEC-A165-03D2237AF954}
	EndGlobalSection
EndGlobal
